hash: 6a3dba44f78b9164220126fbc78ebb209312a787439356412f847cc31b78eec3
updated: 2017-07-27T14:44:40.558010012-05:00
imports:
- name: bitbucket.ena.net/go/radosgwadmin
  version: 5073483824444c74697c724672c17f0c8e57fe34
- name: github.com/BurntSushi/toml
  version: b26d9c308763d68093482582cea63d69be07a0f0
- name: github.com/go-playground/locales
  version: 1e5f1161c6416a5ff48840eb8724a394e48cc534
  subpackages:
  - currency
- name: github.com/go-playground/universal-translator
  version: 71201497bace774495daed26a3874fd339e0b538
- name: github.com/google/go-querystring
  version: 53e6ce116135b80d037921a7fdd5138cf32d7a8a
  subpackages:
  - query
- name: github.com/smartystreets/go-aws-auth
  version: 8ef1316913ee4f44bc48c2456e44a5c1c68ea53b
- name: github.com/stretchr/testify
  version: 69483b4bd14f5845b5a1e55bca19e954e827f1d0
  subpackages:
  - assert
  - require
  - suite
- name: gopkg.in/go-playground/validator.v9
  version: fb68f39656d7ebf8aa339ad4917aa0c260ecc237
testImports:
- name: github.com/davecgh/go-spew
  version: 6d212800a42e8ab5c146b8ace3490ee17e5225f9
  subpackages:
  - spew
- name: github.com/pmezard/go-difflib
  version: d8ed2627bdf02c080bf22230dbb337003b7aba2d
  subpackages:
  - difflib
